
Microsoft Visual Studio Solution File, Format Version 12.00
# Visual Studio Version 16
VisualStudioVersion = 16.0.29503.13
MinimumVisualStudioVersion = 10.0.40219.1
Project("{FAE04EC0-301F-11D3-BF4B-00C04F79EFBC}") = "linkedLists", "linkedLists\linkedLists.csproj", "{5EC803CD-E205-4069-BC05-2DDA8654AA1A}"
EndProject
Global
	GlobalSection(SolutionConfigurationPlatforms) = preSolution
		Debug|Any CPU = Debug|Any CPU
		Release|Any CPU = Release|Any CPU
	EndGlobalSection
	GlobalSection(ProjectConfigurationPlatforms) = postSolution
		{5EC803CD-E205-4069-BC05-2DDA8654AA1A}.Debug|Any CPU.ActiveCfg = Debug|Any CPU
		{5EC803CD-E205-4069-BC05-2DDA8654AA1A}.Debug|Any CPU.Build.0 = Debug|Any CPU
		{5EC803CD-E205-4069-BC05-2DDA8654AA1A}.Release|Any CPU.ActiveCfg = Release|Any CPU
		{5EC803CD-E205-4069-BC05-2DDA8654AA1A}.Release|Any CPU.Build.0 = Release|Any CPU
	EndGlobalSection
	GlobalSection(SolutionProperties) = preSolution
		HideSolutionNode = FALSE
	EndGlobalSection
	GlobalSection(ExtensibilityGlobals) = postSolution
		SolutionGuid = {8E9D1F30-C4F7-4B6B-B115-00EEC04E7B94}
	EndGlobalSection
EndGlobal
